
Microsoft Visual Studio Solution File, Format Version 12.00
# Visual Studio 2013
VisualStudioVersion = 12.0.21005.1
MinimumVisualStudioVersion = 10.0.40219.1
Project("{FAE04EC0-301F-11D3-BF4B-00C04F79EFBC}") = "Assignement5", "Assignement5\Assignement5.csproj", "{F501E4AF-F8DE-4FE6-B672-4240CF021AB0}"
EndProject
Project("{FAE04EC0-301F-11D3-BF4B-00C04F79EFBC}") = "Library_hash_Encrypt", "Library_hash_Encrypt\Library_hash_Encrypt.csproj", "{885559BE-13B1-46CF-93DA-6C30C69EA078}"
EndProject
Global
	GlobalSection(SolutionConfigurationPlatforms) = preSolution
		Debug|Any CPU = Debug|Any CPU
		Release|Any CPU = Release|Any CPU
	EndGlobalSection
	GlobalSection(ProjectConfigurationPlatforms) = postSolution
		{F501E4AF-F8DE-4FE6-B672-4240CF021AB0}.Debug|Any CPU.ActiveCfg = Debug|Any CPU
		{F501E4AF-F8DE-4FE6-B672-4240CF021AB0}.Debug|Any CPU.Build.0 = Debug|Any CPU
		{F501E4AF-F8DE-4FE6-B672-4240CF021AB0}.Release|Any CPU.ActiveCfg = Release|Any CPU
		{F501E4AF-F8DE-4FE6-B672-4240CF021AB0}.Release|Any CPU.Build.0 = Release|Any CPU
		{885559BE-13B1-46CF-93DA-6C30C69EA078}.Debug|Any CPU.ActiveCfg = Debug|Any CPU
		{885559BE-13B1-46CF-93DA-6C30C69EA078}.Debug|Any CPU.Build.0 = Debug|Any CPU
		{885559BE-13B1-46CF-93DA-6C30C69EA078}.Release|Any CPU.ActiveCfg = Release|Any CPU
		{885559BE-13B1-46CF-93DA-6C30C69EA078}.Release|Any CPU.Build.0 = Release|Any CPU
	EndGlobalSection
	GlobalSection(SolutionProperties) = preSolution
		HideSolutionNode = FALSE
	EndGlobalSection
EndGlobal
